
Microsoft Visual Studio Solution File, Format Version 12.00
# Visual Studio Version 17
VisualStudioVersion = 17.5.33424.131
MinimumVisualStudioVersion = 10.0.40219.1
Project("{FAE04EC0-301F-11D3-BF4B-00C04F79EFBC}") = "KaspelTestTask.WebAPI", "KaspelTestTask.WebAPI\KaspelTestTask.WebAPI.csproj", "{87822473-C725-46C7-8C84-CFA8C3CD80A3}"
EndProject
Project("{FAE04EC0-301F-11D3-BF4B-00C04F79EFBC}") = "KaspelTestTask.Domain", "KaspelTestTask.Domain\KaspelTestTask.Domain.csproj", "{9B1A880B-14CC-462A-8337-AB7AE87D6335}"
EndProject
Project("{FAE04EC0-301F-11D3-BF4B-00C04F79EFBC}") = "KaspelTestTask.Application", "KaspelTestTask.Application\KaspelTestTask.Application.csproj", "{E99E2A2C-420C-4666-9577-41B09B5A1EEA}"
EndProject
Project("{FAE04EC0-301F-11D3-BF4B-00C04F79EFBC}") = "KaspelTestTask.Infrastructure", "KaspelTestTask.Infrastructure\KaspelTestTask.Infrastructure.csproj", "{A4140B51-3BBF-4823-B1B8-527414F2B518}"
EndProject
Global
	GlobalSection(SolutionConfigurationPlatforms) = preSolution
		Debug|Any CPU = Debug|Any CPU
		Release|Any CPU = Release|Any CPU
	EndGlobalSection
	GlobalSection(ProjectConfigurationPlatforms) = postSolution
		{87822473-C725-46C7-8C84-CFA8C3CD80A3}.Debug|Any CPU.ActiveCfg = Debug|Any CPU
		{87822473-C725-46C7-8C84-CFA8C3CD80A3}.Debug|Any CPU.Build.0 = Debug|Any CPU
		{87822473-C725-46C7-8C84-CFA8C3CD80A3}.Release|Any CPU.ActiveCfg = Release|Any CPU
		{87822473-C725-46C7-8C84-CFA8C3CD80A3}.Release|Any CPU.Build.0 = Release|Any CPU
		{9B1A880B-14CC-462A-8337-AB7AE87D6335}.Debug|Any CPU.ActiveCfg = Debug|Any CPU
		{9B1A880B-14CC-462A-8337-AB7AE87D6335}.Debug|Any CPU.Build.0 = Debug|Any CPU
		{9B1A880B-14CC-462A-8337-AB7AE87D6335}.Release|Any CPU.ActiveCfg = Release|Any CPU
		{9B1A880B-14CC-462A-8337-AB7AE87D6335}.Release|Any CPU.Build.0 = Release|Any CPU
		{E99E2A2C-420C-4666-9577-41B09B5A1EEA}.Debug|Any CPU.ActiveCfg = Debug|Any CPU
		{E99E2A2C-420C-4666-9577-41B09B5A1EEA}.Debug|Any CPU.Build.0 = Debug|Any CPU
		{E99E2A2C-420C-4666-9577-41B09B5A1EEA}.Release|Any CPU.ActiveCfg = Release|Any CPU
		{E99E2A2C-420C-4666-9577-41B09B5A1EEA}.Release|Any CPU.Build.0 = Release|Any CPU
		{A4140B51-3BBF-4823-B1B8-527414F2B518}.Debug|Any CPU.ActiveCfg = Debug|Any CPU
		{A4140B51-3BBF-4823-B1B8-527414F2B518}.Debug|Any CPU.Build.0 = Debug|Any CPU
		{A4140B51-3BBF-4823-B1B8-527414F2B518}.Release|Any CPU.ActiveCfg = Release|Any CPU
		{A4140B51-3BBF-4823-B1B8-527414F2B518}.Release|Any CPU.Build.0 = Release|Any CPU
	EndGlobalSection
	GlobalSection(SolutionProperties) = preSolution
		HideSolutionNode = FALSE
	EndGlobalSection
	GlobalSection(ExtensibilityGlobals) = postSolution
		SolutionGuid = {C0AF3E16-A824-45FD-8399-CCDF86920AEB}
	EndGlobalSection
EndGlobal
